
Microsoft Visual Studio Solution File, Format Version 11.00
# Visual Studio 2010
Project("{8BC9CEB8-8B4A-11D0-8D11-00A0C91BC942}") = "image_morphing", "image_morphing\image_morphing.vcxproj", "{991C13C5-A52A-4DFB-AD8D-400413D6ADC0}"
EndProject
Global
	GlobalSection(SolutionConfigurationPlatforms) = preSolution
		Debug|Win32 = Debug|Win32
		Release|Win32 = Release|Win32
	EndGlobalSection
	GlobalSection(ProjectConfigurationPlatforms) = postSolution
		{991C13C5-A52A-4DFB-AD8D-400413D6ADC0}.Debug|Win32.ActiveCfg = Debug|Win32
		{991C13C5-A52A-4DFB-AD8D-400413D6ADC0}.Debug|Win32.Build.0 = Debug|Win32
		{991C13C5-A52A-4DFB-AD8D-400413D6ADC0}.Release|Win32.ActiveCfg = Release|Win32
		{991C13C5-A52A-4DFB-AD8D-400413D6ADC0}.Release|Win32.Build.0 = Release|Win32
	EndGlobalSection
	GlobalSection(SolutionProperties) = preSolution
		HideSolutionNode = FALSE
	EndGlobalSection
EndGlobal
